
Microsoft Visual Studio Solution File, Format Version 12.00
# Visual Studio 15
VisualStudioVersion = 15.0.27130.2010
MinimumVisualStudioVersion = 10.0.40219.1
Project("{2150E333-8FDC-42A3-9474-1A3956D46DE8}") = "Solution Items", "Solution Items", "{9899BF40-F465-4A2E-9010-96CD58980E22}"
	ProjectSection(SolutionItems) = preProject
		cura-crane-gradient.rb = cura-crane-gradient.rb
	EndProjectSection
EndProject
Global
	GlobalSection(SolutionProperties) = preSolution
		HideSolutionNode = FALSE
	EndGlobalSection
	GlobalSection(ExtensibilityGlobals) = postSolution
		SolutionGuid = {E66965B4-1A82-42B3-A938-E0BEAA335D4B}
	EndGlobalSection
EndGlobal
